
Microsoft Visual Studio Solution File, Format Version 12.00
# Visual Studio Version 17
VisualStudioVersion = 17.3.32825.248
MinimumVisualStudioVersion = 10.0.40219.1
Project("{FAE04EC0-301F-11D3-BF4B-00C04F79EFBC}") = "PruebaMaterial", "PruebaMaterial.csproj", "{DCA1417A-9EC9-4948-A17F-BB82E145B4A6}"
EndProject
Global
	GlobalSection(SolutionConfigurationPlatforms) = preSolution
		Debug|Any CPU = Debug|Any CPU
		Release|Any CPU = Release|Any CPU
	EndGlobalSection
	GlobalSection(ProjectConfigurationPlatforms) = postSolution
		{DCA1417A-9EC9-4948-A17F-BB82E145B4A6}.Debug|Any CPU.ActiveCfg = Debug|Any CPU
		{DCA1417A-9EC9-4948-A17F-BB82E145B4A6}.Debug|Any CPU.Build.0 = Debug|Any CPU
		{DCA1417A-9EC9-4948-A17F-BB82E145B4A6}.Release|Any CPU.ActiveCfg = Release|Any CPU
		{DCA1417A-9EC9-4948-A17F-BB82E145B4A6}.Release|Any CPU.Build.0 = Release|Any CPU
	EndGlobalSection
	GlobalSection(SolutionProperties) = preSolution
		HideSolutionNode = FALSE
	EndGlobalSection
	GlobalSection(ExtensibilityGlobals) = postSolution
		SolutionGuid = {87FC097E-DAAF-4195-B209-A0431F731B83}
	EndGlobalSection
EndGlobal
